
Microsoft Visual Studio Solution File, Format Version 12.00
# Visual Studio 14
VisualStudioVersion = 14.0.25420.1
MinimumVisualStudioVersion = 10.0.40219.1
Project("{FAE04EC0-301F-11D3-BF4B-00C04F79EFBC}") = "OH4CSharpBridgeAPI", "OH4CSharpBridgeAPI\OH4CSharpBridgeAPI.csproj", "{FE2C76A5-09B6-4812-B6C8-37D80E91DC9C}"
EndProject
Project("{FAE04EC0-301F-11D3-BF4B-00C04F79EFBC}") = "OH4CSharpTest", "OH4CSharpTest\OH4CSharpTest.csproj", "{701705EE-FA43-4042-8A44-B9452FA1D816}"
EndProject
Project("{FAE04EC0-301F-11D3-BF4B-00C04F79EFBC}") = "Example_HDConsole", "Example_HDConsole\Example_HDConsole.csproj", "{DDBAA5AB-3AAB-431B-99C9-46E2007D5198}"
EndProject
Project("{2150E333-8FDC-42A3-9474-1A3956D46DE8}") = "Example_HD", "Example_HD", "{42EDDF8C-6592-4D86-B67A-B46CAB64211A}"
EndProject
Project("{FAE04EC0-301F-11D3-BF4B-00C04F79EFBC}") = "Example_HDForce", "Example_HDForce\Example_HDForce.csproj", "{284BEEAB-FF65-4054-8C61-8554D881595B}"
EndProject
Project("{FAE04EC0-301F-11D3-BF4B-00C04F79EFBC}") = "Example_HDDevice_Hello", "Example_HDDevice_Hello\Example_HDDevice_Hello.csproj", "{A53F12B3-FB01-4C3E-A07A-D0CEDEAC977D}"
EndProject
Project("{FAE04EC0-301F-11D3-BF4B-00C04F79EFBC}") = "Example_HDSphere", "Example_HDSphere\Example_HDSphere.csproj", "{DDCB1FA1-2116-4C7D-A077-DA4664DE113D}"
EndProject
Project("{2150E333-8FDC-42A3-9474-1A3956D46DE8}") = "Example_HL", "Example_HL", "{3418EF30-87C1-41BF-83AC-293B5F20547D}"
EndProject
Project("{FAE04EC0-301F-11D3-BF4B-00C04F79EFBC}") = "Example_CannedForceEffect", "Example_CannedForceEffect\Example_CannedForceEffect.csproj", "{192E8038-5DD9-41F6-B16F-83B0A693300E}"
EndProject
Global
	GlobalSection(SolutionConfigurationPlatforms) = preSolution
		Debug|Any CPU = Debug|Any CPU
		Debug|x64 = Debug|x64
		Debug|x86 = Debug|x86
		Release|Any CPU = Release|Any CPU
		Release|x64 = Release|x64
		Release|x86 = Release|x86
	EndGlobalSection
	GlobalSection(ProjectConfigurationPlatforms) = postSolution
		{FE2C76A5-09B6-4812-B6C8-37D80E91DC9C}.Debug|Any CPU.ActiveCfg = Debug|Any CPU
		{FE2C76A5-09B6-4812-B6C8-37D80E91DC9C}.Debug|Any CPU.Build.0 = Debug|Any CPU
		{FE2C76A5-09B6-4812-B6C8-37D80E91DC9C}.Debug|x64.ActiveCfg = Debug|Any CPU
		{FE2C76A5-09B6-4812-B6C8-37D80E91DC9C}.Debug|x64.Build.0 = Debug|Any CPU
		{FE2C76A5-09B6-4812-B6C8-37D80E91DC9C}.Debug|x86.ActiveCfg = Debug|x86
		{FE2C76A5-09B6-4812-B6C8-37D80E91DC9C}.Debug|x86.Build.0 = Debug|x86
		{FE2C76A5-09B6-4812-B6C8-37D80E91DC9C}.Release|Any CPU.ActiveCfg = Release|Any CPU
		{FE2C76A5-09B6-4812-B6C8-37D80E91DC9C}.Release|Any CPU.Build.0 = Release|Any CPU
		{FE2C76A5-09B6-4812-B6C8-37D80E91DC9C}.Release|x64.ActiveCfg = Release|Any CPU
		{FE2C76A5-09B6-4812-B6C8-37D80E91DC9C}.Release|x64.Build.0 = Release|Any CPU
		{FE2C76A5-09B6-4812-B6C8-37D80E91DC9C}.Release|x86.ActiveCfg = Release|x86
		{FE2C76A5-09B6-4812-B6C8-37D80E91DC9C}.Release|x86.Build.0 = Release|x86
		{701705EE-FA43-4042-8A44-B9452FA1D816}.Debug|Any CPU.ActiveCfg = Debug|Any CPU
		{701705EE-FA43-4042-8A44-B9452FA1D816}.Debug|Any CPU.Build.0 = Debug|Any CPU
		{701705EE-FA43-4042-8A44-B9452FA1D816}.Debug|x64.ActiveCfg = Debug|x64
		{701705EE-FA43-4042-8A44-B9452FA1D816}.Debug|x64.Build.0 = Debug|x64
		{701705EE-FA43-4042-8A44-B9452FA1D816}.Debug|x86.ActiveCfg = Debug|x86
		{701705EE-FA43-4042-8A44-B9452FA1D816}.Debug|x86.Build.0 = Debug|x86
		{701705EE-FA43-4042-8A44-B9452FA1D816}.Release|Any CPU.ActiveCfg = Release|Any CPU
		{701705EE-FA43-4042-8A44-B9452FA1D816}.Release|Any CPU.Build.0 = Release|Any CPU
		{701705EE-FA43-4042-8A44-B9452FA1D816}.Release|x64.ActiveCfg = Release|x64
		{701705EE-FA43-4042-8A44-B9452FA1D816}.Release|x64.Build.0 = Release|x64
		{701705EE-FA43-4042-8A44-B9452FA1D816}.Release|x86.ActiveCfg = Release|x86
		{701705EE-FA43-4042-8A44-B9452FA1D816}.Release|x86.Build.0 = Release|x86
		{DDBAA5AB-3AAB-431B-99C9-46E2007D5198}.Debug|Any CPU.ActiveCfg = Debug|Any CPU
		{DDBAA5AB-3AAB-431B-99C9-46E2007D5198}.Debug|Any CPU.Build.0 = Debug|Any CPU
		{DDBAA5AB-3AAB-431B-99C9-46E2007D5198}.Debug|x64.ActiveCfg = Debug|Any CPU
		{DDBAA5AB-3AAB-431B-99C9-46E2007D5198}.Debug|x64.Build.0 = Debug|Any CPU
		{DDBAA5AB-3AAB-431B-99C9-46E2007D5198}.Debug|x86.ActiveCfg = Debug|Any CPU
		{DDBAA5AB-3AAB-431B-99C9-46E2007D5198}.Debug|x86.Build.0 = Debug|Any CPU
		{DDBAA5AB-3AAB-431B-99C9-46E2007D5198}.Release|Any CPU.ActiveCfg = Release|Any CPU
		{DDBAA5AB-3AAB-431B-99C9-46E2007D5198}.Release|Any CPU.Build.0 = Release|Any CPU
		{DDBAA5AB-3AAB-431B-99C9-46E2007D5198}.Release|x64.ActiveCfg = Release|Any CPU
		{DDBAA5AB-3AAB-431B-99C9-46E2007D5198}.Release|x64.Build.0 = Release|Any CPU
		{DDBAA5AB-3AAB-431B-99C9-46E2007D5198}.Release|x86.ActiveCfg = Release|Any CPU
		{DDBAA5AB-3AAB-431B-99C9-46E2007D5198}.Release|x86.Build.0 = Release|Any CPU
		{284BEEAB-FF65-4054-8C61-8554D881595B}.Debug|Any CPU.ActiveCfg = Debug|Any CPU
		{284BEEAB-FF65-4054-8C61-8554D881595B}.Debug|Any CPU.Build.0 = Debug|Any CPU
		{284BEEAB-FF65-4054-8C61-8554D881595B}.Debug|x64.ActiveCfg = Debug|Any CPU
		{284BEEAB-FF65-4054-8C61-8554D881595B}.Debug|x64.Build.0 = Debug|Any CPU
		{284BEEAB-FF65-4054-8C61-8554D881595B}.Debug|x86.ActiveCfg = Debug|Any CPU
		{284BEEAB-FF65-4054-8C61-8554D881595B}.Debug|x86.Build.0 = Debug|Any CPU
		{284BEEAB-FF65-4054-8C61-8554D881595B}.Release|Any CPU.ActiveCfg = Release|Any CPU
		{284BEEAB-FF65-4054-8C61-8554D881595B}.Release|Any CPU.Build.0 = Release|Any CPU
		{284BEEAB-FF65-4054-8C61-8554D881595B}.Release|x64.ActiveCfg = Release|Any CPU
		{284BEEAB-FF65-4054-8C61-8554D881595B}.Release|x64.Build.0 = Release|Any CPU
		{284BEEAB-FF65-4054-8C61-8554D881595B}.Release|x86.ActiveCfg = Release|Any CPU
		{284BEEAB-FF65-4054-8C61-8554D881595B}.Release|x86.Build.0 = Release|Any CPU
		{A53F12B3-FB01-4C3E-A07A-D0CEDEAC977D}.Debug|Any CPU.ActiveCfg = Debug|Any CPU
		{A53F12B3-FB01-4C3E-A07A-D0CEDEAC977D}.Debug|Any CPU.Build.0 = Debug|Any CPU
		{A53F12B3-FB01-4C3E-A07A-D0CEDEAC977D}.Debug|x64.ActiveCfg = Debug|Any CPU
		{A53F12B3-FB01-4C3E-A07A-D0CEDEAC977D}.Debug|x64.Build.0 = Debug|Any CPU
		{A53F12B3-FB01-4C3E-A07A-D0CEDEAC977D}.Debug|x86.ActiveCfg = Debug|Any CPU
		{A53F12B3-FB01-4C3E-A07A-D0CEDEAC977D}.Debug|x86.Build.0 = Debug|Any CPU
		{A53F12B3-FB01-4C3E-A07A-D0CEDEAC977D}.Release|Any CPU.ActiveCfg = Release|Any CPU
		{A53F12B3-FB01-4C3E-A07A-D0CEDEAC977D}.Release|Any CPU.Build.0 = Release|Any CPU
		{A53F12B3-FB01-4C3E-A07A-D0CEDEAC977D}.Release|x64.ActiveCfg = Release|Any CPU
		{A53F12B3-FB01-4C3E-A07A-D0CEDEAC977D}.Release|x64.Build.0 = Release|Any CPU
		{A53F12B3-FB01-4C3E-A07A-D0CEDEAC977D}.Release|x86.ActiveCfg = Release|Any CPU
		{A53F12B3-FB01-4C3E-A07A-D0CEDEAC977D}.Release|x86.Build.0 = Release|Any CPU
		{DDCB1FA1-2116-4C7D-A077-DA4664DE113D}.Debug|Any CPU.ActiveCfg = Debug|Any CPU
		{DDCB1FA1-2116-4C7D-A077-DA4664DE113D}.Debug|Any CPU.Build.0 = Debug|Any CPU
		{DDCB1FA1-2116-4C7D-A077-DA4664DE113D}.Debug|x64.ActiveCfg = Debug|Any CPU
		{DDCB1FA1-2116-4C7D-A077-DA4664DE113D}.Debug|x64.Build.0 = Debug|Any CPU
		{DDCB1FA1-2116-4C7D-A077-DA4664DE113D}.Debug|x86.ActiveCfg = Debug|Any CPU
		{DDCB1FA1-2116-4C7D-A077-DA4664DE113D}.Debug|x86.Build.0 = Debug|Any CPU
		{DDCB1FA1-2116-4C7D-A077-DA4664DE113D}.Release|Any CPU.ActiveCfg = Release|Any CPU
		{DDCB1FA1-2116-4C7D-A077-DA4664DE113D}.Release|Any CPU.Build.0 = Release|Any CPU
		{DDCB1FA1-2116-4C7D-A077-DA4664DE113D}.Release|x64.ActiveCfg = Release|Any CPU
		{DDCB1FA1-2116-4C7D-A077-DA4664DE113D}.Release|x64.Build.0 = Release|Any CPU
		{DDCB1FA1-2116-4C7D-A077-DA4664DE113D}.Release|x86.ActiveCfg = Release|Any CPU
		{DDCB1FA1-2116-4C7D-A077-DA4664DE113D}.Release|x86.Build.0 = Release|Any CPU
		{192E8038-5DD9-41F6-B16F-83B0A693300E}.Debug|Any CPU.ActiveCfg = Debug|Any CPU
		{192E8038-5DD9-41F6-B16F-83B0A693300E}.Debug|Any CPU.Build.0 = Debug|Any CPU
		{192E8038-5DD9-41F6-B16F-83B0A693300E}.Debug|x64.ActiveCfg = Debug|Any CPU
		{192E8038-5DD9-41F6-B16F-83B0A693300E}.Debug|x64.Build.0 = Debug|Any CPU
		{192E8038-5DD9-41F6-B16F-83B0A693300E}.Debug|x86.ActiveCfg = Debug|Any CPU
		{192E8038-5DD9-41F6-B16F-83B0A693300E}.Debug|x86.Build.0 = Debug|Any CPU
		{192E8038-5DD9-41F6-B16F-83B0A693300E}.Release|Any CPU.ActiveCfg = Release|Any CPU
		{192E8038-5DD9-41F6-B16F-83B0A693300E}.Release|Any CPU.Build.0 = Release|Any CPU
		{192E8038-5DD9-41F6-B16F-83B0A693300E}.Release|x64.ActiveCfg = Release|Any CPU
		{192E8038-5DD9-41F6-B16F-83B0A693300E}.Release|x64.Build.0 = Release|Any CPU
		{192E8038-5DD9-41F6-B16F-83B0A693300E}.Release|x86.ActiveCfg = Release|Any CPU
		{192E8038-5DD9-41F6-B16F-83B0A693300E}.Release|x86.Build.0 = Release|Any CPU
	EndGlobalSection
	GlobalSection(SolutionProperties) = preSolution
		HideSolutionNode = FALSE
	EndGlobalSection
	GlobalSection(NestedProjects) = preSolution
		{DDBAA5AB-3AAB-431B-99C9-46E2007D5198} = {42EDDF8C-6592-4D86-B67A-B46CAB64211A}
		{284BEEAB-FF65-4054-8C61-8554D881595B} = {42EDDF8C-6592-4D86-B67A-B46CAB64211A}
		{A53F12B3-FB01-4C3E-A07A-D0CEDEAC977D} = {42EDDF8C-6592-4D86-B67A-B46CAB64211A}
		{DDCB1FA1-2116-4C7D-A077-DA4664DE113D} = {42EDDF8C-6592-4D86-B67A-B46CAB64211A}
		{192E8038-5DD9-41F6-B16F-83B0A693300E} = {3418EF30-87C1-41BF-83AC-293B5F20547D}
	EndGlobalSection
EndGlobal
